
Microsoft Visual Studio Solution File, Format Version 12.00
# Visual Studio 2013
VisualStudioVersion = 12.0.30110.0
MinimumVisualStudioVersion = 10.0.40219.1
Project("{FAE04EC0-301F-11D3-BF4B-00C04F79EFBC}") = "9c.Drawing_with_code", "WPF_AllCode\9c.Drawing_with_code.csproj", "{A6E88493-EE3A-44C0-A9D6-95B2D708FED2}"
EndProject
Global
	GlobalSection(SolutionConfigurationPlatforms) = preSolution
		Debug|Any CPU = Debug|Any CPU
		Release|Any CPU = Release|Any CPU
	EndGlobalSection
	GlobalSection(ProjectConfigurationPlatforms) = postSolution
		{A6E88493-EE3A-44C0-A9D6-95B2D708FED2}.Debug|Any CPU.ActiveCfg = Debug|Any CPU
		{A6E88493-EE3A-44C0-A9D6-95B2D708FED2}.Debug|Any CPU.Build.0 = Debug|Any CPU
		{A6E88493-EE3A-44C0-A9D6-95B2D708FED2}.Release|Any CPU.ActiveCfg = Release|Any CPU
		{A6E88493-EE3A-44C0-A9D6-95B2D708FED2}.Release|Any CPU.Build.0 = Release|Any CPU
	EndGlobalSection
	GlobalSection(SolutionProperties) = preSolution
		HideSolutionNode = FALSE
	EndGlobalSection
EndGlobal
